
Microsoft Visual Studio Solution File, Format Version 12.00
# Visual Studio Version 16
VisualStudioVersion = 16.0.31729.503
MinimumVisualStudioVersion = 10.0.40219.1
Project("{9A19103F-16F7-4668-BE54-9A1E7A4F7556}") = "Server", "Server.csproj", "{7C8F5C35-7BEE-42CC-82FB-E050A1F1CA2E}"
EndProject
Global
	GlobalSection(SolutionConfigurationPlatforms) = preSolution
		Debug|Any CPU = Debug|Any CPU
		Release|Any CPU = Release|Any CPU
	EndGlobalSection
	GlobalSection(ProjectConfigurationPlatforms) = postSolution
		{7C8F5C35-7BEE-42CC-82FB-E050A1F1CA2E}.Debug|Any CPU.ActiveCfg = Debug|Any CPU
		{7C8F5C35-7BEE-42CC-82FB-E050A1F1CA2E}.Debug|Any CPU.Build.0 = Debug|Any CPU
		{7C8F5C35-7BEE-42CC-82FB-E050A1F1CA2E}.Release|Any CPU.ActiveCfg = Release|Any CPU
		{7C8F5C35-7BEE-42CC-82FB-E050A1F1CA2E}.Release|Any CPU.Build.0 = Release|Any CPU
	EndGlobalSection
	GlobalSection(SolutionProperties) = preSolution
		HideSolutionNode = FALSE
	EndGlobalSection
	GlobalSection(ExtensibilityGlobals) = postSolution
		SolutionGuid = {6486F83F-77A0-432A-9199-17A6290DE17C}
	EndGlobalSection
EndGlobal
